
Microsoft Visual Studio Solution File, Format Version 12.00
# Visual Studio 14
VisualStudioVersion = 14.0.23107.0
MinimumVisualStudioVersion = 10.0.40219.1
Project("{FAE04EC0-301F-11D3-BF4B-00C04F79EFBC}") = "RonaldMcDonaldHouseRaffle", "RonaldMcDonaldHouseRaffle\RonaldMcDonaldHouseRaffle.csproj", "{D8349B70-E8CB-4CA3-BA63-F6B49EEE2B93}"
EndProject
Project("{FAE04EC0-301F-11D3-BF4B-00C04F79EFBC}") = "RonaldMcDonaldHouseRaffle.Tests", "RonaldMcDonaldHouseRaffle.Tests\RonaldMcDonaldHouseRaffle.Tests.csproj", "{536FD6BD-51B1-405F-B703-95003E809448}"
EndProject
Global
	GlobalSection(SolutionConfigurationPlatforms) = preSolution
		Debug|Any CPU = Debug|Any CPU
		Release|Any CPU = Release|Any CPU
	EndGlobalSection
	GlobalSection(ProjectConfigurationPlatforms) = postSolution
		{D8349B70-E8CB-4CA3-BA63-F6B49EEE2B93}.Debug|Any CPU.ActiveCfg = Debug|Any CPU
		{D8349B70-E8CB-4CA3-BA63-F6B49EEE2B93}.Debug|Any CPU.Build.0 = Debug|Any CPU
		{D8349B70-E8CB-4CA3-BA63-F6B49EEE2B93}.Release|Any CPU.ActiveCfg = Release|Any CPU
		{D8349B70-E8CB-4CA3-BA63-F6B49EEE2B93}.Release|Any CPU.Build.0 = Release|Any CPU
		{536FD6BD-51B1-405F-B703-95003E809448}.Debug|Any CPU.ActiveCfg = Debug|Any CPU
		{536FD6BD-51B1-405F-B703-95003E809448}.Debug|Any CPU.Build.0 = Debug|Any CPU
		{536FD6BD-51B1-405F-B703-95003E809448}.Release|Any CPU.ActiveCfg = Release|Any CPU
		{536FD6BD-51B1-405F-B703-95003E809448}.Release|Any CPU.Build.0 = Release|Any CPU
	EndGlobalSection
	GlobalSection(SolutionProperties) = preSolution
		HideSolutionNode = FALSE
	EndGlobalSection
EndGlobal
